
Microsoft Visual Studio Solution File, Format Version 12.00
# Visual Studio Version 17
VisualStudioVersion = 17.9.34607.119
MinimumVisualStudioVersion = 10.0.40219.1
Project("{FAE04EC0-301F-11D3-BF4B-00C04F79EFBC}") = "Productos", "Productos\Productos.csproj", "{5A6D8847-CC23-4DB1-9124-7ECDEE1C5FAE}"
EndProject
Global
	GlobalSection(SolutionConfigurationPlatforms) = preSolution
		Debug|Any CPU = Debug|Any CPU
		Release|Any CPU = Release|Any CPU
	EndGlobalSection
	GlobalSection(ProjectConfigurationPlatforms) = postSolution
		{5A6D8847-CC23-4DB1-9124-7ECDEE1C5FAE}.Debug|Any CPU.ActiveCfg = Debug|Any CPU
		{5A6D8847-CC23-4DB1-9124-7ECDEE1C5FAE}.Debug|Any CPU.Build.0 = Debug|Any CPU
		{5A6D8847-CC23-4DB1-9124-7ECDEE1C5FAE}.Release|Any CPU.ActiveCfg = Release|Any CPU
		{5A6D8847-CC23-4DB1-9124-7ECDEE1C5FAE}.Release|Any CPU.Build.0 = Release|Any CPU
	EndGlobalSection
	GlobalSection(SolutionProperties) = preSolution
		HideSolutionNode = FALSE
	EndGlobalSection
	GlobalSection(ExtensibilityGlobals) = postSolution
		SolutionGuid = {C5100D91-EB48-43E0-ADBA-1E2C97ACC098}
	EndGlobalSection
EndGlobal
